# This file is autogenerated, do not edit; changes may be undone by the next 'dep ensure'.


[[projects]]
  branch = "master"
  name = "github.com/golang/protobuf"
  packages = ["proto"]
  revision = "130e6b02ab059e7b717a096f397c5b60111cae74"

[[projects]]
  branch = "master"
  name = "github.com/jdextraze/go-gesclient"
  packages = [".","client","common","guid","internal","messages","operations","subscriptions","tasks"]
  revision = "a0aaea1f5bb46938c909d630a0d24f628cdde09e"

[[projects]]
  name = "github.com/op/go-logging"
  packages = ["."]
  revision = "b2cb9fa56473e98db8caba80237377e83fe44db5"
  version = "v1"

[[projects]]
  name = "github.com/satori/go.uuid"
  packages = ["."]
  revision = "879c5887cd475cd7864858769793b2ceb0d44feb"
  version = "v1.1.0"

[solve-meta]
  analyzer-name = "dep"
  analyzer-version = 1
  inputs-digest = "42b30c7b80656ed47d75a307d49aed2305f53141f0215afc9c0be00bfbb28dd4"
  solver-name = "gps-cdcl"
  solver-version = 1
